// !$*UTF8*$!
{
	archiveVersion = 1;
	classes = {
	};
	objectVersion = 56;
	objects = {

/* Begin PBXBuildFile section */
		274415A829805FCF00D67744 /* SWTabBarController.swift in Sources */ = {isa = PBXBuildFile; fileRef = 274415A729805FCF00D67744 /* SWTabBarController.swift */; };
		274415AB298064B100D67744 /* SWVehicleViewController.swift in Sources */ = {isa = PBXBuildFile; fileRef = 274415AA298064B100D67744 /* SWVehicleViewController.swift */; };
		274415AD298064CD00D67744 /* SWStarshipViewController.swift in Sources */ = {isa = PBXBuildFile; fileRef = 274415AC298064CD00D67744 /* SWStarshipViewController.swift */; };
		274415AF2980878400D67744 /* SWSettingsViewController.swift in Sources */ = {isa = PBXBuildFile; fileRef = 274415AE2980878400D67744 /* SWSettingsViewController.swift */; };
		274415B129808A2B00D67744 /* SWStarship.swift in Sources */ = {isa = PBXBuildFile; fileRef = 274415B029808A2B00D67744 /* SWStarship.swift */; };
		274415B329808A7300D67744 /* SWVehicle.swift in Sources */ = {isa = PBXBuildFile; fileRef = 274415B229808A7300D67744 /* SWVehicle.swift */; };
		2781B56C29833FA8007EED8E /* SWRequest.swift in Sources */ = {isa = PBXBuildFile; fileRef = 2781B56B29833FA8007EED8E /* SWRequest.swift */; };
		2781B56E29833FB9007EED8E /* SWEndpoints.swift in Sources */ = {isa = PBXBuildFile; fileRef = 2781B56D29833FB9007EED8E /* SWEndpoints.swift */; };
		2781B570298360FF007EED8E /* PeopleListView.swift in Sources */ = {isa = PBXBuildFile; fileRef = 2781B56F298360FF007EED8E /* PeopleListView.swift */; };
		2781B57229836BA6007EED8E /* Extensions.swift in Sources */ = {isa = PBXBuildFile; fileRef = 2781B57129836BA6007EED8E /* Extensions.swift */; };
		278A26B029819E3000D80A97 /* VehicleListViewViewModel.swift in Sources */ = {isa = PBXBuildFile; fileRef = 278A26AF29819E3000D80A97 /* VehicleListViewViewModel.swift */; };
		278A26B229819E8F00D80A97 /* StarshipListViewViewModel.swift in Sources */ = {isa = PBXBuildFile; fileRef = 278A26B129819E8F00D80A97 /* StarshipListViewViewModel.swift */; };
		27BB5F59297A475C003000CD /* AppDelegate.swift in Sources */ = {isa = PBXBuildFile; fileRef = 27BB5F58297A475C003000CD /* AppDelegate.swift */; };
		27BB5F5B297A475C003000CD /* SceneDelegate.swift in Sources */ = {isa = PBXBuildFile; fileRef = 27BB5F5A297A475C003000CD /* SceneDelegate.swift */; };
		27BB5F5D297A475C003000CD /* SWPeopleViewController.swift in Sources */ = {isa = PBXBuildFile; fileRef = 27BB5F5C297A475C003000CD /* SWPeopleViewController.swift */; };
		27BB5F62297A475D003000CD /* Assets.xcassets in Resources */ = {isa = PBXBuildFile; fileRef = 27BB5F61297A475D003000CD /* Assets.xcassets */; };
		27BB5F65297A475D003000CD /* LaunchScreen.storyboard in Resources */ = {isa = PBXBuildFile; fileRef = 27BB5F63297A475D003000CD /* LaunchScreen.storyboard */; };
		27BB5F75297A5274003000CD /* SWPeople.swift in Sources */ = {isa = PBXBuildFile; fileRef = 27BB5F74297A5274003000CD /* SWPeople.swift */; };
		27BB5F77297A53EF003000CD /* SWService.swift in Sources */ = {isa = PBXBuildFile; fileRef = 27BB5F76297A53EF003000CD /* SWService.swift */; };
		27BB5F79297A5A03003000CD /* PeopleListViewViewModel.swift in Sources */ = {isa = PBXBuildFile; fileRef = 27BB5F78297A5A03003000CD /* PeopleListViewViewModel.swift */; };
/* End PBXBuildFile section */

/* Begin PBXFileReference section */
		274415A729805FCF00D67744 /* SWTabBarController.swift */ = {isa = PBXFileReference; lastKnownFileType = sourcecode.swift; path = SWTabBarController.swift; sourceTree = "<group>"; };
		274415AA298064B100D67744 /* SWVehicleViewController.swift */ = {isa = PBXFileReference; lastKnownFileType = sourcecode.swift; path = SWVehicleViewController.swift; sourceTree = "<group>"; };
		274415AC298064CD00D67744 /* SWStarshipViewController.swift */ = {isa = PBXFileReference; lastKnownFileType = sourcecode.swift; path = SWStarshipViewController.swift; sourceTree = "<group>"; };
		274415AE2980878400D67744 /* SWSettingsViewController.swift */ = {isa = PBXFileReference; lastKnownFileType = sourcecode.swift; path = SWSettingsViewController.swift; sourceTree = "<group>"; };
		274415B029808A2B00D67744 /* SWStarship.swift */ = {isa = PBXFileReference; lastKnownFileType = sourcecode.swift; path = SWStarship.swift; sourceTree = "<group>"; };
		274415B229808A7300D67744 /* SWVehicle.swift */ = {isa = PBXFileReference; lastKnownFileType = sourcecode.swift; path = SWVehicle.swift; sourceTree = "<group>"; };
		2781B56B29833FA8007EED8E /* SWRequest.swift */ = {isa = PBXFileReference; lastKnownFileType = sourcecode.swift; path = SWRequest.swift; sourceTree = "<group>"; };
		2781B56D29833FB9007EED8E /* SWEndpoints.swift */ = {isa = PBXFileReference; lastKnownFileType = sourcecode.swift; path = SWEndpoints.swift; sourceTree = "<group>"; };
		2781B56F298360FF007EED8E /* PeopleListView.swift */ = {isa = PBXFileReference; lastKnownFileType = sourcecode.swift; path = PeopleListView.swift; sourceTree = "<group>"; };
		2781B57129836BA6007EED8E /* Extensions.swift */ = {isa = PBXFileReference; lastKnownFileType = sourcecode.swift; path = Extensions.swift; sourceTree = "<group>"; };
		278A26AF29819E3000D80A97 /* VehicleListViewViewModel.swift */ = {isa = PBXFileReference; lastKnownFileType = sourcecode.swift; path = VehicleListViewViewModel.swift; sourceTree = "<group>"; };
		278A26B129819E8F00D80A97 /* StarshipListViewViewModel.swift */ = {isa = PBXFileReference; lastKnownFileType = sourcecode.swift; path = StarshipListViewViewModel.swift; sourceTree = "<group>"; };
		27BB5F55297A475C003000CD /* Star-Wars-API-App.app */ = {isa = PBXFileReference; explicitFileType = wrapper.application; includeInIndex = 0; path = "Star-Wars-API-App.app"; sourceTree = BUILT_PRODUCTS_DIR; };
		27BB5F58297A475C003000CD /* AppDelegate.swift */ = {isa = PBXFileReference; lastKnownFileType = sourcecode.swift; path = AppDelegate.swift; sourceTree = "<group>"; };
		27BB5F5A297A475C003000CD /* SceneDelegate.swift */ = {isa = PBXFileReference; lastKnownFileType = sourcecode.swift; path = SceneDelegate.swift; sourceTree = "<group>"; };
		27BB5F5C297A475C003000CD /* SWPeopleViewController.swift */ = {isa = PBXFileReference; lastKnownFileType = sourcecode.swift; path = SWPeopleViewController.swift; sourceTree = "<group>"; tabWidth = 4; };
		27BB5F61297A475D003000CD /* Assets.xcassets */ = {isa = PBXFileReference; lastKnownFileType = folder.assetcatalog; path = Assets.xcassets; sourceTree = "<group>"; };
		27BB5F64297A475D003000CD /* Base */ = {isa = PBXFileReference; lastKnownFileType = file.storyboard; name = Base; path = Base.lproj/LaunchScreen.storyboard; sourceTree = "<group>"; };
		27BB5F66297A475D003000CD /* Info.plist */ = {isa = PBXFileReference; lastKnownFileType = text.plist.xml; path = Info.plist; sourceTree = "<group>"; };
		27BB5F74297A5274003000CD /* SWPeople.swift */ = {isa = PBXFileReference; lastKnownFileType = sourcecode.swift; path = SWPeople.swift; sourceTree = "<group>"; };
		27BB5F76297A53EF003000CD /* SWService.swift */ = {isa = PBXFileReference; lastKnownFileType = sourcecode.swift; path = SWService.swift; sourceTree = "<group>"; };
		27BB5F78297A5A03003000CD /* PeopleListViewViewModel.swift */ = {isa = PBXFileReference; lastKnownFileType = sourcecode.swift; path = PeopleListViewViewModel.swift; sourceTree = "<group>"; };
/* End PBXFileReference section */

/* Begin PBXFrameworksBuildPhase section */
		27BB5F52297A475C003000CD /* Frameworks */ = {
			isa = PBXFrameworksBuildPhase;
			buildActionMask = 2147483647;
			files = (
			);
			runOnlyForDeploymentPostprocessing = 0;
		};
/* End PBXFrameworksBuildPhase section */

/* Begin PBXGroup section */
		274415A92980645D00D67744 /* TabBar */ = {
			isa = PBXGroup;
			children = (
				274415A729805FCF00D67744 /* SWTabBarController.swift */,
			);
			path = TabBar;
			sourceTree = "<group>";
		};
		27BB5F4C297A475C003000CD = {
			isa = PBXGroup;
			children = (
				27BB5F57297A475C003000CD /* Star-Wars-API-App */,
				27BB5F56297A475C003000CD /* Products */,
			);
			sourceTree = "<group>";
		};
		27BB5F56297A475C003000CD /* Products */ = {
			isa = PBXGroup;
			children = (
				27BB5F55297A475C003000CD /* Star-Wars-API-App.app */,
			);
			name = Products;
			sourceTree = "<group>";
		};
		27BB5F57297A475C003000CD /* Star-Wars-API-App */ = {
			isa = PBXGroup;
			children = (
				27BB5F66297A475D003000CD /* Info.plist */,
				27BB5F72297A48B9003000CD /* Resources */,
				27BB5F73297A48E6003000CD /* Service */,
				27BB5F6C297A4881003000CD /* Model */,
				27BB5F6E297A4895003000CD /* View */,
				27BB5F70297A48A3003000CD /* ViewModel */,
				27BB5F71297A48AA003000CD /* Controllers */,
			);
			path = "Star-Wars-API-App";
			sourceTree = "<group>";
		};
		27BB5F6C297A4881003000CD /* Model */ = {
			isa = PBXGroup;
			children = (
				27BB5F74297A5274003000CD /* SWPeople.swift */,
				274415B029808A2B00D67744 /* SWStarship.swift */,
				274415B229808A7300D67744 /* SWVehicle.swift */,
			);
			path = Model;
			sourceTree = "<group>";
		};
		27BB5F6E297A4895003000CD /* View */ = {
			isa = PBXGroup;
			children = (
				2781B56F298360FF007EED8E /* PeopleListView.swift */,
			);
			path = View;
			sourceTree = "<group>";
		};
		27BB5F70297A48A3003000CD /* ViewModel */ = {
			isa = PBXGroup;
			children = (
				27BB5F78297A5A03003000CD /* PeopleListViewViewModel.swift */,
				278A26AF29819E3000D80A97 /* VehicleListViewViewModel.swift */,
				278A26B129819E8F00D80A97 /* StarshipListViewViewModel.swift */,
			);
			path = ViewModel;
			sourceTree = "<group>";
		};
		27BB5F71297A48AA003000CD /* Controllers */ = {
			isa = PBXGroup;
			children = (
				274415A92980645D00D67744 /* TabBar */,
				27BB5F5C297A475C003000CD /* SWPeopleViewController.swift */,
				274415AA298064B100D67744 /* SWVehicleViewController.swift */,
				274415AC298064CD00D67744 /* SWStarshipViewController.swift */,
				274415AE2980878400D67744 /* SWSettingsViewController.swift */,
			);
			path = Controllers;
			sourceTree = "<group>";
		};
		27BB5F72297A48B9003000CD /* Resources */ = {
			isa = PBXGroup;
			children = (
				27BB5F61297A475D003000CD /* Assets.xcassets */,
				27BB5F58297A475C003000CD /* AppDelegate.swift */,
				27BB5F5A297A475C003000CD /* SceneDelegate.swift */,
				27BB5F63297A475D003000CD /* LaunchScreen.storyboard */,
				2781B57129836BA6007EED8E /* Extensions.swift */,
			);
			path = Resources;
			sourceTree = "<group>";
		};
		27BB5F73297A48E6003000CD /* Service */ = {
			isa = PBXGroup;
			children = (
				27BB5F76297A53EF003000CD /* SWService.swift */,
				2781B56B29833FA8007EED8E /* SWRequest.swift */,
				2781B56D29833FB9007EED8E /* SWEndpoints.swift */,
			);
			path = Service;
			sourceTree = "<group>";
		};
/* End PBXGroup section */

/* Begin PBXNativeTarget section */
		27BB5F54297A475C003000CD /* Star-Wars-API-App */ = {
			isa = PBXNativeTarget;
			buildConfigurationList = 27BB5F69297A475D003000CD /* Build configuration list for PBXNativeTarget "Star-Wars-API-App" */;
			buildPhases = (
				27BB5F51297A475C003000CD /* Sources */,
				27BB5F52297A475C003000CD /* Frameworks */,
				27BB5F53297A475C003000CD /* Resources */,
			);
			buildRules = (
			);
			dependencies = (
			);
			name = "Star-Wars-API-App";
			productName = "Star-Wars-API-App";
			productReference = 27BB5F55297A475C003000CD /* Star-Wars-API-App.app */;
			productType = "com.apple.product-type.application";
		};
/* End PBXNativeTarget section */

/* Begin PBXProject section */
		27BB5F4D297A475C003000CD /* Project object */ = {
			isa = PBXProject;
			attributes = {
				BuildIndependentTargetsInParallel = 1;
				LastSwiftUpdateCheck = 1420;
				LastUpgradeCheck = 1420;
				TargetAttributes = {
					27BB5F54297A475C003000CD = {
						CreatedOnToolsVersion = 14.2;
					};
				};
			};
			buildConfigurationList = 27BB5F50297A475C003000CD /* Build configuration list for PBXProject "Star-Wars-API-App" */;
			compatibilityVersion = "Xcode 14.0";
			developmentRegion = en;
			hasScannedForEncodings = 0;
			knownRegions = (
				en,
				Base,
			);
			mainGroup = 27BB5F4C297A475C003000CD;
			productRefGroup = 27BB5F56297A475C003000CD /* Products */;
			projectDirPath = "";
			projectRoot = "";
			targets = (
				27BB5F54297A475C003000CD /* Star-Wars-API-App */,
			);
		};
/* End PBXProject section */

/* Begin PBXResourcesBuildPhase section */
		27BB5F53297A475C003000CD /* Resources */ = {
			isa = PBXResourcesBuildPhase;
			buildActionMask = 2147483647;
			files = (
				27BB5F65297A475D003000CD /* LaunchScreen.storyboard in Resources */,
				27BB5F62297A475D003000CD /* Assets.xcassets in Resources */,
			);
			runOnlyForDeploymentPostprocessing = 0;
		};
/* End PBXResourcesBuildPhase section */

/* Begin PBXSourcesBuildPhase section */
		27BB5F51297A475C003000CD /* Sources */ = {
			isa = PBXSourcesBuildPhase;
			buildActionMask = 2147483647;
			files = (
				274415AD298064CD00D67744 /* SWStarshipViewController.swift in Sources */,
				2781B57229836BA6007EED8E /* Extensions.swift in Sources */,
				2781B56E29833FB9007EED8E /* SWEndpoints.swift in Sources */,
				27BB5F77297A53EF003000CD /* SWService.swift in Sources */,
				278A26B229819E8F00D80A97 /* StarshipListViewViewModel.swift in Sources */,
				27BB5F79297A5A03003000CD /* PeopleListViewViewModel.swift in Sources */,
				27BB5F5D297A475C003000CD /* SWPeopleViewController.swift in Sources */,
				27BB5F75297A5274003000CD /* SWPeople.swift in Sources */,
				274415AF2980878400D67744 /* SWSettingsViewController.swift in Sources */,
				274415AB298064B100D67744 /* SWVehicleViewController.swift in Sources */,
				274415B129808A2B00D67744 /* SWStarship.swift in Sources */,
				27BB5F59297A475C003000CD /* AppDelegate.swift in Sources */,
				2781B570298360FF007EED8E /* PeopleListView.swift in Sources */,
				278A26B029819E3000D80A97 /* VehicleListViewViewModel.swift in Sources */,
				274415A829805FCF00D67744 /* SWTabBarController.swift in Sources */,
				27BB5F5B297A475C003000CD /* SceneDelegate.swift in Sources */,
				2781B56C29833FA8007EED8E /* SWRequest.swift in Sources */,
				274415B329808A7300D67744 /* SWVehicle.swift in Sources */,
			);
			runOnlyForDeploymentPostprocessing = 0;
		};
/* End PBXSourcesBuildPhase section */

/* Begin PBXVariantGroup section */
		27BB5F63297A475D003000CD /* LaunchScreen.storyboard */ = {
			isa = PBXVariantGroup;
			children = (
				27BB5F64297A475D003000CD /* Base */,
			);
			name = LaunchScreen.storyboard;
			sourceTree = "<group>";
		};
/* End PBXVariantGroup section */

/* Begin XCBuildConfiguration section */
		27BB5F67297A475D003000CD /* Debug */ = {
			isa = XCBuildConfiguration;
			buildSettings = {
				ALWAYS_SEARCH_USER_PATHS = NO;
				CLANG_ANALYZER_NONNULL = YES;
				CLANG_ANALYZER_NUMBER_OBJECT_CONVERSION = YES_AGGRESSIVE;
				CLANG_CXX_LANGUAGE_STANDARD = "gnu++20";
				CLANG_ENABLE_MODULES = YES;
				CLANG_ENABLE_OBJC_ARC = YES;
				CLANG_ENABLE_OBJC_WEAK = YES;
				CLANG_WARN_BLOCK_CAPTURE_AUTORELEASING = YES;
				CLANG_WARN_BOOL_CONVERSION = YES;
				CLANG_WARN_COMMA = YES;
				CLANG_WARN_CONSTANT_CONVERSION = YES;
				CLANG_WARN_DEPRECATED_OBJC_IMPLEMENTATIONS = YES;
				CLANG_WARN_DIRECT_OBJC_ISA_USAGE = YES_ERROR;
				CLANG_WARN_DOCUMENTATION_COMMENTS = YES;
				CLANG_WARN_EMPTY_BODY = YES;
				CLANG_WARN_ENUM_CONVERSION = YES;
				CLANG_WARN_INFINITE_RECURSION = YES;
				CLANG_WARN_INT_CONVERSION = YES;
				CLANG_WARN_NON_LITERAL_NULL_CONVERSION = YES;
				CLANG_WARN_OBJC_IMPLICIT_RETAIN_SELF = YES;
				CLANG_WARN_OBJC_LITERAL_CONVERSION = YES;
				CLANG_WARN_OBJC_ROOT_CLASS = YES_ERROR;
				CLANG_WARN_QUOTED_INCLUDE_IN_FRAMEWORK_HEADER = YES;
				CLANG_WARN_RANGE_LOOP_ANALYSIS = YES;
				CLANG_WARN_STRICT_PROTOTYPES = YES;
				CLANG_WARN_SUSPICIOUS_MOVE = YES;
				CLANG_WARN_UNGUARDED_AVAILABILITY = YES_AGGRESSIVE;
				CLANG_WARN_UNREACHABLE_CODE = YES;
				CLANG_WARN__DUPLICATE_METHOD_MATCH = YES;
				COPY_PHASE_STRIP = NO;
				DEBUG_INFORMATION_FORMAT = dwarf;
				ENABLE_STRICT_OBJC_MSGSEND = YES;
				ENABLE_TESTABILITY = YES;
				GCC_C_LANGUAGE_STANDARD = gnu11;
				GCC_DYNAMIC_NO_PIC = NO;
				GCC_NO_COMMON_BLOCKS = YES;
				GCC_OPTIMIZATION_LEVEL = 0;
				GCC_PREPROCESSOR_DEFINITIONS = (
					"DEBUG=1",
					"$(inherited)",
				);
				GCC_WARN_64_TO_32_BIT_CONVERSION = YES;
				GCC_WARN_ABOUT_RETURN_TYPE = YES_ERROR;
				GCC_WARN_UNDECLARED_SELECTOR = YES;
				GCC_WARN_UNINITIALIZED_AUTOS = YES_AGGRESSIVE;
				GCC_WARN_UNUSED_FUNCTION = YES;
				GCC_WARN_UNUSED_VARIABLE = YES;
				IPHONEOS_DEPLOYMENT_TARGET = 16.2;
				MTL_ENABLE_DEBUG_INFO = INCLUDE_SOURCE;
				MTL_FAST_MATH = YES;
				ONLY_ACTIVE_ARCH = YES;
				SDKROOT = iphoneos;
				SWIFT_ACTIVE_COMPILATION_CONDITIONS = DEBUG;
				SWIFT_OPTIMIZATION_LEVEL = "-Onone";
			};
			name = Debug;
		};
		27BB5F68297A475D003000CD /* Release */ = {
			isa = XCBuildConfiguration;
			buildSettings = {
				ALWAYS_SEARCH_USER_PATHS = NO;
				CLANG_ANALYZER_NONNULL = YES;
				CLANG_ANALYZER_NUMBER_OBJECT_CONVERSION = YES_AGGRESSIVE;
				CLANG_CXX_LANGUAGE_STANDARD = "gnu++20";
				CLANG_ENABLE_MODULES = YES;
				CLANG_ENABLE_OBJC_ARC = YES;
				CLANG_ENABLE_OBJC_WEAK = YES;
				CLANG_WARN_BLOCK_CAPTURE_AUTORELEASING = YES;
				CLANG_WARN_BOOL_CONVERSION = YES;
				CLANG_WARN_COMMA = YES;
				CLANG_WARN_CONSTANT_CONVERSION = YES;
				CLANG_WARN_DEPRECATED_OBJC_IMPLEMENTATIONS = YES;
				CLANG_WARN_DIRECT_OBJC_ISA_USAGE = YES_ERROR;
				CLANG_WARN_DOCUMENTATION_COMMENTS = YES;
				CLANG_WARN_EMPTY_BODY = YES;
				CLANG_WARN_ENUM_CONVERSION = YES;
				CLANG_WARN_INFINITE_RECURSION = YES;
				CLANG_WARN_INT_CONVERSION = YES;
				CLANG_WARN_NON_LITERAL_NULL_CONVERSION = YES;
				CLANG_WARN_OBJC_IMPLICIT_RETAIN_SELF = YES;
				CLANG_WARN_OBJC_LITERAL_CONVERSION = YES;
				CLANG_WARN_OBJC_ROOT_CLASS = YES_ERROR;
				CLANG_WARN_QUOTED_INCLUDE_IN_FRAMEWORK_HEADER = YES;
				CLANG_WARN_RANGE_LOOP_ANALYSIS = YES;
				CLANG_WARN_STRICT_PROTOTYPES = YES;
				CLANG_WARN_SUSPICIOUS_MOVE = YES;
				CLANG_WARN_UNGUARDED_AVAILABILITY = YES_AGGRESSIVE;
				CLANG_WARN_UNREACHABLE_CODE = YES;
				CLANG_WARN__DUPLICATE_METHOD_MATCH = YES;
				COPY_PHASE_STRIP = NO;
				DEBUG_INFORMATION_FORMAT = "dwarf-with-dsym";
				ENABLE_NS_ASSERTIONS = NO;
				ENABLE_STRICT_OBJC_MSGSEND = YES;
				GCC_C_LANGUAGE_STANDARD = gnu11;
				GCC_NO_COMMON_BLOCKS = YES;
				GCC_WARN_64_TO_32_BIT_CONVERSION = YES;
				GCC_WARN_ABOUT_RETURN_TYPE = YES_ERROR;
				GCC_WARN_UNDECLARED_SELECTOR = YES;
				GCC_WARN_UNINITIALIZED_AUTOS = YES_AGGRESSIVE;
				GCC_WARN_UNUSED_FUNCTION = YES;
				GCC_WARN_UNUSED_VARIABLE = YES;
				IPHONEOS_DEPLOYMENT_TARGET = 16.2;
				MTL_ENABLE_DEBUG_INFO = NO;
				MTL_FAST_MATH = YES;
				SDKROOT = iphoneos;
				SWIFT_COMPILATION_MODE = wholemodule;
				SWIFT_OPTIMIZATION_LEVEL = "-O";
				VALIDATE_PRODUCT = YES;
			};
			name = Release;
		};
		27BB5F6A297A475D003000CD /* Debug */ = {
			isa = XCBuildConfiguration;
			buildSettings = {
				ASSETCATALOG_COMPILER_APPICON_NAME = AppIcon;
				ASSETCATALOG_COMPILER_GLOBAL_ACCENT_COLOR_NAME = AccentColor;
				CODE_SIGN_STYLE = Automatic;
				CURRENT_PROJECT_VERSION = 1;
				DEVELOPMENT_TEAM = 3Z72SDHS75;
				GENERATE_INFOPLIST_FILE = YES;
				INFOPLIST_FILE = "Star-Wars-API-App/Info.plist";
				INFOPLIST_KEY_UIApplicationSupportsIndirectInputEvents = YES;
				INFOPLIST_KEY_UILaunchStoryboardName = LaunchScreen;
				INFOPLIST_KEY_UISupportedInterfaceOrientations_iPad = "UIInterfaceOrientationPortrait UIInterfaceOrientationPortraitUpsideDown UIInterfaceOrientationLandscapeLeft UIInterfaceOrientationLandscapeRight";
				INFOPLIST_KEY_UISupportedInterfaceOrientations_iPhone = "UIInterfaceOrientationPortrait UIInterfaceOrientationLandscapeLeft UIInterfaceOrientationLandscapeRight";
				LD_RUNPATH_SEARCH_PATHS = (
					"$(inherited)",
					"@executable_path/Frameworks",
				);
				MARKETING_VERSION = 1.0;
				PRODUCT_BUNDLE_IDENTIFIER = "com.lcardoso.Star-Wars-API-App";
				PRODUCT_NAME = "$(TARGET_NAME)";
				SWIFT_EMIT_LOC_STRINGS = YES;
				SWIFT_VERSION = 5.0;
				TARGETED_DEVICE_FAMILY = "1,2";
			};
			name = Debug;
		};
		27BB5F6B297A475D003000CD /* Release */ = {
			isa = XCBuildConfiguration;
			buildSettings = {
				ASSETCATALOG_COMPILER_APPICON_NAME = AppIcon;
				ASSETCATALOG_COMPILER_GLOBAL_ACCENT_COLOR_NAME = AccentColor;
				CODE_SIGN_STYLE = Automatic;
				CURRENT_PROJECT_VERSION = 1;
				DEVELOPMENT_TEAM = 3Z72SDHS75;
				GENERATE_INFOPLIST_FILE = YES;
				INFOPLIST_FILE = "Star-Wars-API-App/Info.plist";
				INFOPLIST_KEY_UIApplicationSupportsIndirectInputEvents = YES;
				INFOPLIST_KEY_UILaunchStoryboardName = LaunchScreen;
				INFOPLIST_KEY_UISupportedInterfaceOrientations_iPad = "UIInterfaceOrientationPortrait UIInterfaceOrientationPortraitUpsideDown UIInterfaceOrientationLandscapeLeft UIInterfaceOrientationLandscapeRight";
				INFOPLIST_KEY_UISupportedInterfaceOrientations_iPhone = "UIInterfaceOrientationPortrait UIInterfaceOrientationLandscapeLeft UIInterfaceOrientationLandscapeRight";
				LD_RUNPATH_SEARCH_PATHS = (
					"$(inherited)",
					"@executable_path/Frameworks",
				);
				MARKETING_VERSION = 1.0;
				PRODUCT_BUNDLE_IDENTIFIER = "com.lcardoso.Star-Wars-API-App";
				PRODUCT_NAME = "$(TARGET_NAME)";
				SWIFT_EMIT_LOC_STRINGS = YES;
				SWIFT_VERSION = 5.0;
				TARGETED_DEVICE_FAMILY = "1,2";
			};
			name = Release;
		};
/* End XCBuildConfiguration section */

/* Begin XCConfigurationList section */
		27BB5F50297A475C003000CD /* Build configuration list for PBXProject "Star-Wars-API-App" */ = {
			isa = XCConfigurationList;
			buildConfigurations = (
				27BB5F67297A475D003000CD /* Debug */,
				27BB5F68297A475D003000CD /* Release */,
			);
			defaultConfigurationIsVisible = 0;
			defaultConfigurationName = Release;
		};
		27BB5F69297A475D003000CD /* Build configuration list for PBXNativeTarget "Star-Wars-API-App" */ = {
			isa = XCConfigurationList;
			buildConfigurations = (
				27BB5F6A297A475D003000CD /* Debug */,
				27BB5F6B297A475D003000CD /* Release */,
			);
			defaultConfigurationIsVisible = 0;
			defaultConfigurationName = Release;
		};
/* End XCConfigurationList section */
	};
	rootObject = 27BB5F4D297A475C003000CD /* Project object */;
}
